<Solution>
  <Configurations>
    <Platform Name="ARM64" />
    <Platform Name="x64" />
    <Platform Name="x86" />
  </Configurations>
  <Folder Name="/Plugins/">
    <Project Path="Plugins/BetterLyrics.Plugins.AI/BetterLyrics.Plugins.AI.csproj" />
    <Project Path="Plugins/BetterLyrics.Plugins.Romaji/BetterLyrics.Plugins.Romaji.csproj" />
  </Folder>
  <Project Path="BetterLyrics.Core/BetterLyrics.Core.csproj" />
  <Project Path="BetterLyrics.WinUI3/BetterLyrics.WinUI3 (Package)/BetterLyrics.WinUI3 (Package).wapproj" Type="c7167f0d-bc9f-4e6e-afe1-012c56b48db5">
    <Deploy />
  </Project>
  <Project Path="BetterLyrics.WinUI3/BetterLyrics.WinUI3/BetterLyrics.WinUI3.csproj">
    <Platform Solution="*|ARM64" Project="ARM64" />
    <Platform Solution="*|x64" Project="x64" />
    <Platform Solution="*|x86" Project="x86" />
  </Project>
  <Project Path="ColorThief.WinUI3/ColorThief.WinUI3.csproj" />
  <Project Path="Impressionist/Impressionist/Impressionist.csproj" />
  <Project Path="PluginAnalyzer/PluginAnalyzer.csproj" Id="8ee58bf7-807d-486c-8d7d-c00bb9ec2b81" />
  <Project Path="RomajiConverter.Core/RomajiConverter.Core.csproj" />
</Solution>
