<Solution>
  <Configurations>
    <Platform Name="ARM64" />
    <Platform Name="x64" />
    <Platform Name="x86" />
  </Configurations>
  <Folder Name="/Plugins/">
    <Project Path="Plugins/BetterLyrics.Plugins.AI.Local/BetterLyrics.Plugins.AI.Local.csproj" />
    <Project Path="Plugins/BetterLyrics.Plugins.Translation.LocalAI/BetterLyrics.Plugins.Translation.LocalAI.csproj" Id="17f9f675-6745-44cb-b8b4-604a2ae90dd1" />
    <Project Path="Plugins/BetterLyrics.Plugins.Transliteration.Romaji/BetterLyrics.Plugins.Transliteration.Romaji.csproj" />
  </Folder>
  <Folder Name="/Plugins/_Dist/" />
  <Project Path="BetterLyrics.Core/BetterLyrics.Core.csproj" />
  <Project Path="BetterLyrics.WinUI3/BetterLyrics.WinUI3.csproj">
    <Platform Solution="*|ARM64" Project="ARM64" />
    <Platform Solution="*|x64" Project="x64" />
    <Platform Solution="*|x86" Project="x86" />
    <Deploy />
  </Project>
  <Project Path="ColorThief.WinUI3/ColorThief.WinUI3.csproj" />
  <Project Path="Impressionist/Impressionist/Impressionist.csproj" />
  <Project Path="PluginAnalyzer/PluginAnalyzer.csproj" Id="8ee58bf7-807d-486c-8d7d-c00bb9ec2b81" />
</Solution>
